
Microsoft Visual Studio Solution File, Format Version 12.00
# Visual Studio Version 17
VisualStudioVersion = 17.5.33530.505
MinimumVisualStudioVersion = 10.0.40219.1
Project("{9A19103F-16F7-4668-BE54-9A1E7A4F7556}") = "01_H_Intro", "01_H_Intro\01_H_Intro.csproj", "{7B289DF5-ACDB-40FF-9F5F-D6C798CBA555}"
EndProject
Project("{9A19103F-16F7-4668-BE54-9A1E7A4F7556}") = "02_H_Containers", "02_H_Containers\02_H_Containers.csproj", "{4544B194-3B4D-454F-AF1D-75CD4F65DB00}"
EndProject
Project("{9A19103F-16F7-4668-BE54-9A1E7A4F7556}") = "03_H_Controls", "03_H_Controls\03_H_Controls.csproj", "{2B0B2EBC-4D4B-4C9B-89FF-2808A63BC299}"
EndProject
Project("{9A19103F-16F7-4668-BE54-9A1E7A4F7556}") = "04_H_Notepad", "04_H_Notepad\04_H_Notepad.csproj", "{409603AF-E55D-4618-9B3A-76EE535BD026}"
EndProject
Project("{9A19103F-16F7-4668-BE54-9A1E7A4F7556}") = "05_H_ColorViewer", "05_H_ColorViewer\05_H_ColorViewer.csproj", "{45ECD8C5-99DF-4C49-ACDE-6BBA6C929EA5}"
EndProject
Global
	GlobalSection(SolutionConfigurationPlatforms) = preSolution
		Debug|Any CPU = Debug|Any CPU
		Release|Any CPU = Release|Any CPU
	EndGlobalSection
	GlobalSection(ProjectConfigurationPlatforms) = postSolution
		{7B289DF5-ACDB-40FF-9F5F-D6C798CBA555}.Debug|Any CPU.ActiveCfg = Debug|Any CPU
		{7B289DF5-ACDB-40FF-9F5F-D6C798CBA555}.Debug|Any CPU.Build.0 = Debug|Any CPU
		{7B289DF5-ACDB-40FF-9F5F-D6C798CBA555}.Release|Any CPU.ActiveCfg = Release|Any CPU
		{7B289DF5-ACDB-40FF-9F5F-D6C798CBA555}.Release|Any CPU.Build.0 = Release|Any CPU
		{4544B194-3B4D-454F-AF1D-75CD4F65DB00}.Debug|Any CPU.ActiveCfg = Debug|Any CPU
		{4544B194-3B4D-454F-AF1D-75CD4F65DB00}.Debug|Any CPU.Build.0 = Debug|Any CPU
		{4544B194-3B4D-454F-AF1D-75CD4F65DB00}.Release|Any CPU.ActiveCfg = Release|Any CPU
		{4544B194-3B4D-454F-AF1D-75CD4F65DB00}.Release|Any CPU.Build.0 = Release|Any CPU
		{2B0B2EBC-4D4B-4C9B-89FF-2808A63BC299}.Debug|Any CPU.ActiveCfg = Debug|Any CPU
		{2B0B2EBC-4D4B-4C9B-89FF-2808A63BC299}.Debug|Any CPU.Build.0 = Debug|Any CPU
		{2B0B2EBC-4D4B-4C9B-89FF-2808A63BC299}.Release|Any CPU.ActiveCfg = Release|Any CPU
		{2B0B2EBC-4D4B-4C9B-89FF-2808A63BC299}.Release|Any CPU.Build.0 = Release|Any CPU
		{409603AF-E55D-4618-9B3A-76EE535BD026}.Debug|Any CPU.ActiveCfg = Debug|Any CPU
		{409603AF-E55D-4618-9B3A-76EE535BD026}.Debug|Any CPU.Build.0 = Debug|Any CPU
		{409603AF-E55D-4618-9B3A-76EE535BD026}.Release|Any CPU.ActiveCfg = Release|Any CPU
		{409603AF-E55D-4618-9B3A-76EE535BD026}.Release|Any CPU.Build.0 = Release|Any CPU
		{45ECD8C5-99DF-4C49-ACDE-6BBA6C929EA5}.Debug|Any CPU.ActiveCfg = Debug|Any CPU
		{45ECD8C5-99DF-4C49-ACDE-6BBA6C929EA5}.Debug|Any CPU.Build.0 = Debug|Any CPU
		{45ECD8C5-99DF-4C49-ACDE-6BBA6C929EA5}.Release|Any CPU.ActiveCfg = Release|Any CPU
		{45ECD8C5-99DF-4C49-ACDE-6BBA6C929EA5}.Release|Any CPU.Build.0 = Release|Any CPU
	EndGlobalSection
	GlobalSection(SolutionProperties) = preSolution
		HideSolutionNode = FALSE
	EndGlobalSection
	GlobalSection(ExtensibilityGlobals) = postSolution
		SolutionGuid = {4B517767-C3B2-480B-9E3C-36308ED91662}
	EndGlobalSection
EndGlobal
